
Microsoft Visual Studio Solution File, Format Version 12.00
# Visual Studio Version 16
VisualStudioVersion = 16.0.33801.447
MinimumVisualStudioVersion = 10.0.40219.1
Project("{FAE04EC0-301F-11D3-BF4B-00C04F79EFBC}") = "2dtdcg", "2dtdcg\2dtdcg.csproj", "{AA4A67D7-6A8E-4707-8A37-704F00803D3B}"
EndProject
Global
	GlobalSection(SolutionConfigurationPlatforms) = preSolution
		Debug|Any CPU = Debug|Any CPU
		Release|Any CPU = Release|Any CPU
	EndGlobalSection
	GlobalSection(ProjectConfigurationPlatforms) = postSolution
		{AA4A67D7-6A8E-4707-8A37-704F00803D3B}.Debug|Any CPU.ActiveCfg = Debug|Any CPU
		{AA4A67D7-6A8E-4707-8A37-704F00803D3B}.Debug|Any CPU.Build.0 = Debug|Any CPU
		{AA4A67D7-6A8E-4707-8A37-704F00803D3B}.Release|Any CPU.ActiveCfg = Release|Any CPU
		{AA4A67D7-6A8E-4707-8A37-704F00803D3B}.Release|Any CPU.Build.0 = Release|Any CPU
	EndGlobalSection
	GlobalSection(SolutionProperties) = preSolution
		HideSolutionNode = FALSE
	EndGlobalSection
	GlobalSection(ExtensibilityGlobals) = postSolution
		SolutionGuid = {2FABE9E2-8A0B-4BD2-949D-76C5B419BF95}
	EndGlobalSection
EndGlobal
